
Microsoft Visual Studio Solution File, Format Version 12.00
# Visual Studio 14
VisualStudioVersion = 14.0.25123.0
MinimumVisualStudioVersion = 10.0.40219.1
Project("{FAE04EC0-301F-11D3-BF4B-00C04F79EFBC}") = "NUnitObjects", "NUnitObjects\NUnitObjects.csproj", "{19D2C2F6-DF3D-4F60-9DB0-EDFBD8600DFE}"
EndProject
Project("{FAE04EC0-301F-11D3-BF4B-00C04F79EFBC}") = "NUnitObjects.UnitTests", "NUnitObjects.UnitTests\NUnitObjects.UnitTests.csproj", "{0D3699E4-F8DC-4B0D-AB4F-0CBA5B550F0C}"
EndProject
Global
	GlobalSection(SolutionConfigurationPlatforms) = preSolution
		Debug|Any CPU = Debug|Any CPU
		Release|Any CPU = Release|Any CPU
	EndGlobalSection
	GlobalSection(ProjectConfigurationPlatforms) = postSolution
		{19D2C2F6-DF3D-4F60-9DB0-EDFBD8600DFE}.Debug|Any CPU.ActiveCfg = Debug|Any CPU
		{19D2C2F6-DF3D-4F60-9DB0-EDFBD8600DFE}.Debug|Any CPU.Build.0 = Debug|Any CPU
		{19D2C2F6-DF3D-4F60-9DB0-EDFBD8600DFE}.Release|Any CPU.ActiveCfg = Release|Any CPU
		{19D2C2F6-DF3D-4F60-9DB0-EDFBD8600DFE}.Release|Any CPU.Build.0 = Release|Any CPU
		{0D3699E4-F8DC-4B0D-AB4F-0CBA5B550F0C}.Debug|Any CPU.ActiveCfg = Debug|Any CPU
		{0D3699E4-F8DC-4B0D-AB4F-0CBA5B550F0C}.Debug|Any CPU.Build.0 = Debug|Any CPU
		{0D3699E4-F8DC-4B0D-AB4F-0CBA5B550F0C}.Release|Any CPU.ActiveCfg = Release|Any CPU
		{0D3699E4-F8DC-4B0D-AB4F-0CBA5B550F0C}.Release|Any CPU.Build.0 = Release|Any CPU
	EndGlobalSection
	GlobalSection(SolutionProperties) = preSolution
		HideSolutionNode = FALSE
	EndGlobalSection
EndGlobal
